<?xml version="1.0" encoding="utf-8"?>
<Project ToolsVersion="4.0" xmlns="http://schemas.microsoft.com/developer/msbuild/2003">
  <ItemGroup>
    <Filter Include="ObliviousEngine">
      <UniqueIdentifier>{57DA2915-C365-97D9-CC76-1ACE3881F3D9}</UniqueIdentifier>
    </Filter>
    <Filter Include="ObliviousEngine\Audio">
      <UniqueIdentifier>{988D2C43-04FA-E73D-CDED-7F9B39190AA6}</UniqueIdentifier>
    </Filter>
    <Filter Include="ObliviousEngine\Core">
      <UniqueIdentifier>{0F0DCC09-FB9B-55D3-A4BA-69CE90286679}</UniqueIdentifier>
    </Filter>
    <Filter Include="ObliviousEngine\Entities">
      <UniqueIdentifier>{EB84D78C-D7A9-260D-00F5-0B9DEC78252B}</UniqueIdentifier>
    </Filter>
    <Filter Include="ObliviousEngine\Renderer">
      <UniqueIdentifier>{DDAF01C9-C9D4-5049-F21F-36D9DEA34F67}</UniqueIdentifier>
    </Filter>
  </ItemGroup>
  <ItemGroup>
    <ClInclude Include="src\Core.h" />
    <ClInclude Include="src\OE.h" />
    <ClInclude Include="src\ObliviousEngine\Audio\MediaPlayer.h">
      <Filter>ObliviousEngine\Audio</Filter>
    </ClInclude>
    <ClInclude Include="src\ObliviousEngine\Audio\Music.h">
      <Filter>ObliviousEngine\Audio</Filter>
    </ClInclude>
    <ClInclude Include="src\ObliviousEngine\Audio\SoundEffect.h">
      <Filter>ObliviousEngine\Audio</Filter>
    </ClInclude>
    <ClInclude Include="src\ObliviousEngine\Core\Application.h">
      <Filter>ObliviousEngine\Core</Filter>
    </ClInclude>
    <ClInclude Include="src\ObliviousEngine\Core\EntryPoint.h">
      <Filter>ObliviousEngine\Core</Filter>
    </ClInclude>
    <ClInclude Include="src\ObliviousEngine\Core\EventHandler.h">
      <Filter>ObliviousEngine\Core</Filter>
    </ClInclude>
    <ClInclude Include="src\ObliviousEngine\Core\InputEvent.h">
      <Filter>ObliviousEngine\Core</Filter>
    </ClInclude>
    <ClInclude Include="src\ObliviousEngine\Core\Log.h">
      <Filter>ObliviousEngine\Core</Filter>
    </ClInclude>
    <ClInclude Include="src\ObliviousEngine\Core\Timer.h">
      <Filter>ObliviousEngine\Core</Filter>
    </ClInclude>
    <ClInclude Include="src\ObliviousEngine\Core\Window.h">
      <Filter>ObliviousEngine\Core</Filter>
    </ClInclude>
    <ClInclude Include="src\ObliviousEngine\Entities\DebugBox.h">
      <Filter>ObliviousEngine\Entities</Filter>
    </ClInclude>
    <ClInclude Include="src\ObliviousEngine\Entities\Entity.h">
      <Filter>ObliviousEngine\Entities</Filter>
    </ClInclude>
    <ClInclude Include="src\ObliviousEngine\Entities\FPSCounter.h">
      <Filter>ObliviousEngine\Entities</Filter>
    </ClInclude>
    <ClInclude Include="src\ObliviousEngine\Entities\Object.h">
      <Filter>ObliviousEngine\Entities</Filter>
    </ClInclude>
    <ClInclude Include="src\ObliviousEngine\Entities\ObjectList.h">
      <Filter>ObliviousEngine\Entities</Filter>
    </ClInclude>
    <ClInclude Include="src\ObliviousEngine\Entities\TextEntity.h">
      <Filter>ObliviousEngine\Entities</Filter>
    </ClInclude>
    <ClInclude Include="src\ObliviousEngine\Renderer\Colour.h">
      <Filter>ObliviousEngine\Renderer</Filter>
    </ClInclude>
    <ClInclude Include="src\ObliviousEngine\Renderer\Renderer.h">
      <Filter>ObliviousEngine\Renderer</Filter>
    </ClInclude>
    <ClInclude Include="src\ObliviousEngine\Renderer\Scene.h">
      <Filter>ObliviousEngine\Renderer</Filter>
    </ClInclude>
    <ClInclude Include="src\ObliviousEngine\Renderer\Text.h">
      <Filter>ObliviousEngine\Renderer</Filter>
    </ClInclude>
    <ClInclude Include="src\ObliviousEngine\Renderer\Texture.h">
      <Filter>ObliviousEngine\Renderer</Filter>
    </ClInclude>
    <ClInclude Include="src\oepch.h" />
    <ClInclude Include="src\ObliviousEngine\Entities\MovingBox.h" />
  </ItemGroup>
  <ItemGroup>
    <ClCompile Include="src\ObliviousEngine\Audio\MediaPlayer.cpp">
      <Filter>ObliviousEngine\Audio</Filter>
    </ClCompile>
    <ClCompile Include="src\ObliviousEngine\Audio\Music.cpp">
      <Filter>ObliviousEngine\Audio</Filter>
    </ClCompile>
    <ClCompile Include="src\ObliviousEngine\Audio\SoundEffect.cpp">
      <Filter>ObliviousEngine\Audio</Filter>
    </ClCompile>
    <ClCompile Include="src\ObliviousEngine\Core\Application.cpp">
      <Filter>ObliviousEngine\Core</Filter>
    </ClCompile>
    <ClCompile Include="src\ObliviousEngine\Core\EventHandler.cpp">
      <Filter>ObliviousEngine\Core</Filter>
    </ClCompile>
    <ClCompile Include="src\ObliviousEngine\Core\InputEvent.cpp">
      <Filter>ObliviousEngine\Core</Filter>
    </ClCompile>
    <ClCompile Include="src\ObliviousEngine\Core\Log.cpp">
      <Filter>ObliviousEngine\Core</Filter>
    </ClCompile>
    <ClCompile Include="src\ObliviousEngine\Core\Timer.cpp">
      <Filter>ObliviousEngine\Core</Filter>
    </ClCompile>
    <ClCompile Include="src\ObliviousEngine\Core\Window.cpp">
      <Filter>ObliviousEngine\Core</Filter>
    </ClCompile>
    <ClCompile Include="src\ObliviousEngine\Entities\DebugBox.cpp">
      <Filter>ObliviousEngine\Entities</Filter>
    </ClCompile>
    <ClCompile Include="src\ObliviousEngine\Entities\Entity.cpp">
      <Filter>ObliviousEngine\Entities</Filter>
    </ClCompile>
    <ClCompile Include="src\ObliviousEngine\Entities\FPSCounter.cpp">
      <Filter>ObliviousEngine\Entities</Filter>
    </ClCompile>
    <ClCompile Include="src\ObliviousEngine\Entities\Object.cpp">
      <Filter>ObliviousEngine\Entities</Filter>
    </ClCompile>
    <ClCompile Include="src\ObliviousEngine\Entities\ObjectList.cpp">
      <Filter>ObliviousEngine\Entities</Filter>
    </ClCompile>
    <ClCompile Include="src\ObliviousEngine\Entities\TextEntity.cpp">
      <Filter>ObliviousEngine\Entities</Filter>
    </ClCompile>
    <ClCompile Include="src\ObliviousEngine\Renderer\Colour.cpp">
      <Filter>ObliviousEngine\Renderer</Filter>
    </ClCompile>
    <ClCompile Include="src\ObliviousEngine\Renderer\Renderer.cpp">
      <Filter>ObliviousEngine\Renderer</Filter>
    </ClCompile>
    <ClCompile Include="src\ObliviousEngine\Renderer\Scene.cpp">
      <Filter>ObliviousEngine\Renderer</Filter>
    </ClCompile>
    <ClCompile Include="src\ObliviousEngine\Renderer\Text.cpp">
      <Filter>ObliviousEngine\Renderer</Filter>
    </ClCompile>
    <ClCompile Include="src\ObliviousEngine\Renderer\Texture.cpp">
      <Filter>ObliviousEngine\Renderer</Filter>
    </ClCompile>
    <ClCompile Include="src\oepch.cpp" />
    <ClCompile Include="src\ObliviousEngine\Entities\MovingBox.cpp" />
  </ItemGroup>
</Project>