<?xml version="1.0" encoding="utf-8"?>
<Project ToolsVersion="4.0" xmlns="http://schemas.microsoft.com/developer/msbuild/2003">
  <ItemGroup>
    <Filter Include="ObliviousEngine">
      <UniqueIdentifier>{57DA2915-C365-97D9-CC76-1ACE3881F3D9}</UniqueIdentifier>
    </Filter>
  </ItemGroup>
  <ItemGroup>
    <ClInclude Include="src\OE.h" />
    <ClInclude Include="src\ObliviousEngine\Core\Application.h">
      <Filter>ObliviousEngine</Filter>
    </ClInclude>
    <ClInclude Include="src\ObliviousEngine\Renderer\Colour.h">
      <Filter>ObliviousEngine</Filter>
    </ClInclude>
    <ClInclude Include="src\Core.h">
      <Filter>ObliviousEngine</Filter>
    </ClInclude>
    <ClInclude Include="src\ObliviousEngine\Core\EntryPoint.h">
      <Filter>ObliviousEngine</Filter>
    </ClInclude>
    <ClInclude Include="src\ObliviousEngine\Core\EventHandler.h">
      <Filter>ObliviousEngine</Filter>
    </ClInclude>
    <ClInclude Include="src\ObliviousEngine\Core\KeyInput.h">
      <Filter>ObliviousEngine</Filter>
    </ClInclude>
    <ClInclude Include="src\ObliviousEngine\Core\Log.h">
      <Filter>ObliviousEngine</Filter>
    </ClInclude>
    <ClInclude Include="src\ObliviousEngine\Renderer\Renderer.h">
      <Filter>ObliviousEngine</Filter>
    </ClInclude>
    <ClInclude Include="src\ObliviousEngine\Core\Window.h">
      <Filter>ObliviousEngine</Filter>
    </ClInclude>
    <ClInclude Include="src\oepch.h" />
  </ItemGroup>
  <ItemGroup>
    <ClCompile Include="src\ObliviousEngine\Core\Application.cpp">
      <Filter>ObliviousEngine</Filter>
    </ClCompile>
    <ClCompile Include="src\ObliviousEngine\Renderer\Colour.cpp">
      <Filter>ObliviousEngine</Filter>
    </ClCompile>
    <ClCompile Include="src\ObliviousEngine\Core\EventHandler.cpp">
      <Filter>ObliviousEngine</Filter>
    </ClCompile>
    <ClCompile Include="src\ObliviousEngine\Core\KeyInput.cpp">
      <Filter>ObliviousEngine</Filter>
    </ClCompile>
    <ClCompile Include="src\ObliviousEngine\Core\Log.cpp">
      <Filter>ObliviousEngine</Filter>
    </ClCompile>
    <ClCompile Include="src\ObliviousEngine\Renderer\Renderer.cpp">
      <Filter>ObliviousEngine</Filter>
    </ClCompile>
    <ClCompile Include="src\ObliviousEngine\Core\Window.cpp">
      <Filter>ObliviousEngine</Filter>
    </ClCompile>
    <ClCompile Include="src\oepch.cpp" />
  </ItemGroup>
</Project>