<?xml version="1.0" encoding="utf-8"?>
<Project ToolsVersion="4.0" xmlns="http://schemas.microsoft.com/developer/msbuild/2003">
  <ItemGroup>
    <Filter Include="ObliviousEngine">
      <UniqueIdentifier>{57DA2915-C365-97D9-CC76-1ACE3881F3D9}</UniqueIdentifier>
    </Filter>
    <Filter Include="ObliviousEngine\Audio">
      <UniqueIdentifier>{988D2C43-04FA-E73D-CDED-7F9B39190AA6}</UniqueIdentifier>
    </Filter>
    <Filter Include="ObliviousEngine\Core">
      <UniqueIdentifier>{0F0DCC09-FB9B-55D3-A4BA-69CE90286679}</UniqueIdentifier>
    </Filter>
    <Filter Include="ObliviousEngine\Renderer">
      <UniqueIdentifier>{DDAF01C9-C9D4-5049-F21F-36D9DEA34F67}</UniqueIdentifier>
    </Filter>
    <Filter Include="ObliviousEngine\Scene">
      <UniqueIdentifier>{B46C6844-20D9-233F-E9CC-BB9C55F845A7}</UniqueIdentifier>
    </Filter>
  </ItemGroup>
  <ItemGroup>
    <ClInclude Include="src\Core.h" />
    <ClInclude Include="src\OE.h" />
    <ClInclude Include="src\ObliviousEngine\Audio\MediaPlayer.h">
      <Filter>ObliviousEngine\Audio</Filter>
    </ClInclude>
    <ClInclude Include="src\ObliviousEngine\Audio\Music.h">
      <Filter>ObliviousEngine\Audio</Filter>
    </ClInclude>
    <ClInclude Include="src\ObliviousEngine\Audio\SoundEffect.h">
      <Filter>ObliviousEngine\Audio</Filter>
    </ClInclude>
    <ClInclude Include="src\ObliviousEngine\Core\Application.h">
      <Filter>ObliviousEngine\Core</Filter>
    </ClInclude>
    <ClInclude Include="src\ObliviousEngine\Core\Collision.h">
      <Filter>ObliviousEngine\Core</Filter>
    </ClInclude>
    <ClInclude Include="src\ObliviousEngine\Core\EntryPoint.h">
      <Filter>ObliviousEngine\Core</Filter>
    </ClInclude>
    <ClInclude Include="src\ObliviousEngine\Events\EventHandler.h">
      <Filter>ObliviousEngine\Core</Filter>
    </ClInclude>
    <ClInclude Include="src\ObliviousEngine\Events\InputEvent.h">
      <Filter>ObliviousEngine\Core</Filter>
    </ClInclude>
    <ClInclude Include="src\ObliviousEngine\Core\Log.h">
      <Filter>ObliviousEngine\Core</Filter>
    </ClInclude>
    <ClInclude Include="src\ObliviousEngine\Core\Maths.h">
      <Filter>ObliviousEngine\Core</Filter>
    </ClInclude>
    <ClInclude Include="src\ObliviousEngine\Core\Timer.h">
      <Filter>ObliviousEngine\Core</Filter>
    </ClInclude>
    <ClInclude Include="src\ObliviousEngine\Core\OldWindow.h">
      <Filter>ObliviousEngine\Core</Filter>
    </ClInclude>
    <ClInclude Include="src\ObliviousEngine\Renderer\Camera.h">
      <Filter>ObliviousEngine\Renderer</Filter>
    </ClInclude>
    <ClInclude Include="src\ObliviousEngine\Renderer\Colour.h">
      <Filter>ObliviousEngine\Renderer</Filter>
    </ClInclude>
    <ClInclude Include="src\ObliviousEngine\Renderer\Renderer.h">
      <Filter>ObliviousEngine\Renderer</Filter>
    </ClInclude>
    <ClInclude Include="src\ObliviousEngine\Renderer\Text.h">
      <Filter>ObliviousEngine\Renderer</Filter>
    </ClInclude>
    <ClInclude Include="src\ObliviousEngine\Renderer\Texture.h">
      <Filter>ObliviousEngine\Renderer</Filter>
    </ClInclude>
    <ClInclude Include="src\ObliviousEngine\Scene\Components.h">
      <Filter>ObliviousEngine\Scene</Filter>
    </ClInclude>
    <ClInclude Include="src\ObliviousEngine\Scene\Entity.h">
      <Filter>ObliviousEngine\Scene</Filter>
    </ClInclude>
    <ClInclude Include="src\ObliviousEngine\Scene\Scene.h">
      <Filter>ObliviousEngine\Scene</Filter>
    </ClInclude>
    <ClInclude Include="src\oepch.h" />
    <ClInclude Include="src\ObliviousEngine\Core\Window.h" />
    <ClInclude Include="src\Platforms\Win\WinWindow.h" />
    <ClInclude Include="src\ObliviousEngine\Events\Event.h" />
    <ClInclude Include="src\ObliviousEngine\Events\AppEvent.h" />
    <ClInclude Include="src\ObliviousEngine\Events\KeyEvent.h" />
    <ClInclude Include="src\ObliviousEngine\Events\MouseEvent.h" />
  </ItemGroup>
  <ItemGroup>
    <ClCompile Include="src\ObliviousEngine\Audio\MediaPlayer.cpp">
      <Filter>ObliviousEngine\Audio</Filter>
    </ClCompile>
    <ClCompile Include="src\ObliviousEngine\Audio\Music.cpp">
      <Filter>ObliviousEngine\Audio</Filter>
    </ClCompile>
    <ClCompile Include="src\ObliviousEngine\Audio\SoundEffect.cpp">
      <Filter>ObliviousEngine\Audio</Filter>
    </ClCompile>
    <ClCompile Include="src\ObliviousEngine\Core\Application.cpp">
      <Filter>ObliviousEngine\Core</Filter>
    </ClCompile>
    <ClCompile Include="src\ObliviousEngine\Core\Collision.cpp">
      <Filter>ObliviousEngine\Core</Filter>
    </ClCompile>
    <ClCompile Include="src\ObliviousEngine\Events\EventHandler.cpp">
      <Filter>ObliviousEngine\Core</Filter>
    </ClCompile>
    <ClCompile Include="src\ObliviousEngine\Events\InputEvent.cpp">
      <Filter>ObliviousEngine\Core</Filter>
    </ClCompile>
    <ClCompile Include="src\ObliviousEngine\Core\Log.cpp">
      <Filter>ObliviousEngine\Core</Filter>
    </ClCompile>
    <ClCompile Include="src\ObliviousEngine\Core\Maths.cpp">
      <Filter>ObliviousEngine\Core</Filter>
    </ClCompile>
    <ClCompile Include="src\ObliviousEngine\Core\Timer.cpp">
      <Filter>ObliviousEngine\Core</Filter>
    </ClCompile>
    <ClCompile Include="src\ObliviousEngine\Core\OldWindow.cpp">
      <Filter>ObliviousEngine\Core</Filter>
    </ClCompile>
    <ClCompile Include="src\ObliviousEngine\Renderer\Colour.cpp">
      <Filter>ObliviousEngine\Renderer</Filter>
    </ClCompile>
    <ClCompile Include="src\ObliviousEngine\Renderer\Renderer.cpp">
      <Filter>ObliviousEngine\Renderer</Filter>
    </ClCompile>
    <ClCompile Include="src\ObliviousEngine\Renderer\Text.cpp">
      <Filter>ObliviousEngine\Renderer</Filter>
    </ClCompile>
    <ClCompile Include="src\ObliviousEngine\Renderer\Texture.cpp">
      <Filter>ObliviousEngine\Renderer</Filter>
    </ClCompile>
    <ClCompile Include="src\ObliviousEngine\Scene\Entity.cpp">
      <Filter>ObliviousEngine\Scene</Filter>
    </ClCompile>
    <ClCompile Include="src\ObliviousEngine\Scene\Scene.cpp">
      <Filter>ObliviousEngine\Scene</Filter>
    </ClCompile>
    <ClCompile Include="src\oepch.cpp" />
    <ClCompile Include="src\Platforms\Win\WinWindow.cpp" />
  </ItemGroup>
</Project>